
Microsoft Visual Studio Solution File, Format Version 12.00
# Visual Studio Version 17
VisualStudioVersion = 17.2.32317.152
MinimumVisualStudioVersion = 10.0.40219.1
Project("{9A19103F-16F7-4668-BE54-9A1E7A4F7556}") = "NCalculator", "NCalculator\NCalculator.csproj", "{E4963766-CCD8-470A-9112-18D05673B407}"
EndProject
Project("{2150E333-8FDC-42A3-9474-1A3956D46DE8}") = "Solution Items", "Solution Items", "{EF9CEC61-A376-48A2-8360-D1D4884B95DD}"
	ProjectSection(SolutionItems) = preProject
		README.md = README.md
	EndProjectSection
EndProject
Project("{9A19103F-16F7-4668-BE54-9A1E7A4F7556}") = "NCalculatorLib", "NCalculatorLib\NCalculatorLib.csproj", "{3AEE1977-821F-4B98-9A44-37B35C32527F}"
EndProject
Project("{FAE04EC0-301F-11D3-BF4B-00C04F79EFBC}") = "NCalcBenchmark", "Benchmark\NCalcBenchmark.csproj", "{70D3980C-C783-4FCE-AE29-EBE0B4435547}"
EndProject
Global
	GlobalSection(SolutionConfigurationPlatforms) = preSolution
		Debug|Any CPU = Debug|Any CPU
		Debug|x64 = Debug|x64
		Debug|x86 = Debug|x86
		Release|Any CPU = Release|Any CPU
		Release|x64 = Release|x64
		Release|x86 = Release|x86
	EndGlobalSection
	GlobalSection(ProjectConfigurationPlatforms) = postSolution
		{E4963766-CCD8-470A-9112-18D05673B407}.Debug|Any CPU.ActiveCfg = Debug|Any CPU
		{E4963766-CCD8-470A-9112-18D05673B407}.Debug|Any CPU.Build.0 = Debug|Any CPU
		{E4963766-CCD8-470A-9112-18D05673B407}.Debug|x64.ActiveCfg = Debug|Any CPU
		{E4963766-CCD8-470A-9112-18D05673B407}.Debug|x64.Build.0 = Debug|Any CPU
		{E4963766-CCD8-470A-9112-18D05673B407}.Debug|x86.ActiveCfg = Debug|Any CPU
		{E4963766-CCD8-470A-9112-18D05673B407}.Debug|x86.Build.0 = Debug|Any CPU
		{E4963766-CCD8-470A-9112-18D05673B407}.Release|Any CPU.ActiveCfg = Release|Any CPU
		{E4963766-CCD8-470A-9112-18D05673B407}.Release|Any CPU.Build.0 = Release|Any CPU
		{E4963766-CCD8-470A-9112-18D05673B407}.Release|x64.ActiveCfg = Release|Any CPU
		{E4963766-CCD8-470A-9112-18D05673B407}.Release|x64.Build.0 = Release|Any CPU
		{E4963766-CCD8-470A-9112-18D05673B407}.Release|x86.ActiveCfg = Release|Any CPU
		{E4963766-CCD8-470A-9112-18D05673B407}.Release|x86.Build.0 = Release|Any CPU
		{3AEE1977-821F-4B98-9A44-37B35C32527F}.Debug|Any CPU.ActiveCfg = Debug|Any CPU
		{3AEE1977-821F-4B98-9A44-37B35C32527F}.Debug|Any CPU.Build.0 = Debug|Any CPU
		{3AEE1977-821F-4B98-9A44-37B35C32527F}.Debug|x64.ActiveCfg = Debug|Any CPU
		{3AEE1977-821F-4B98-9A44-37B35C32527F}.Debug|x64.Build.0 = Debug|Any CPU
		{3AEE1977-821F-4B98-9A44-37B35C32527F}.Debug|x86.ActiveCfg = Debug|Any CPU
		{3AEE1977-821F-4B98-9A44-37B35C32527F}.Debug|x86.Build.0 = Debug|Any CPU
		{3AEE1977-821F-4B98-9A44-37B35C32527F}.Release|Any CPU.ActiveCfg = Release|Any CPU
		{3AEE1977-821F-4B98-9A44-37B35C32527F}.Release|Any CPU.Build.0 = Release|Any CPU
		{3AEE1977-821F-4B98-9A44-37B35C32527F}.Release|x64.ActiveCfg = Release|Any CPU
		{3AEE1977-821F-4B98-9A44-37B35C32527F}.Release|x64.Build.0 = Release|Any CPU
		{3AEE1977-821F-4B98-9A44-37B35C32527F}.Release|x86.ActiveCfg = Release|Any CPU
		{3AEE1977-821F-4B98-9A44-37B35C32527F}.Release|x86.Build.0 = Release|Any CPU
		{70D3980C-C783-4FCE-AE29-EBE0B4435547}.Debug|Any CPU.ActiveCfg = Debug|Any CPU
		{70D3980C-C783-4FCE-AE29-EBE0B4435547}.Debug|Any CPU.Build.0 = Debug|Any CPU
		{70D3980C-C783-4FCE-AE29-EBE0B4435547}.Debug|x64.ActiveCfg = Debug|Any CPU
		{70D3980C-C783-4FCE-AE29-EBE0B4435547}.Debug|x64.Build.0 = Debug|Any CPU
		{70D3980C-C783-4FCE-AE29-EBE0B4435547}.Debug|x86.ActiveCfg = Debug|Any CPU
		{70D3980C-C783-4FCE-AE29-EBE0B4435547}.Debug|x86.Build.0 = Debug|Any CPU
		{70D3980C-C783-4FCE-AE29-EBE0B4435547}.Release|Any CPU.ActiveCfg = Release|Any CPU
		{70D3980C-C783-4FCE-AE29-EBE0B4435547}.Release|Any CPU.Build.0 = Release|Any CPU
		{70D3980C-C783-4FCE-AE29-EBE0B4435547}.Release|x64.ActiveCfg = Release|Any CPU
		{70D3980C-C783-4FCE-AE29-EBE0B4435547}.Release|x64.Build.0 = Release|Any CPU
		{70D3980C-C783-4FCE-AE29-EBE0B4435547}.Release|x86.ActiveCfg = Release|Any CPU
		{70D3980C-C783-4FCE-AE29-EBE0B4435547}.Release|x86.Build.0 = Release|Any CPU
	EndGlobalSection
	GlobalSection(SolutionProperties) = preSolution
		HideSolutionNode = FALSE
	EndGlobalSection
	GlobalSection(ExtensibilityGlobals) = postSolution
		SolutionGuid = {1E163638-BC24-40BD-9846-644BFEE468DF}
	EndGlobalSection
EndGlobal
