<?xml version="1.0" encoding="utf-8"?>
<Project ToolsVersion="4.0" xmlns="http://schemas.microsoft.com/developer/msbuild/2003">
  <ItemGroup>
    <Filter Include="Source Files">
      <UniqueIdentifier>{4FC737F1-C7A5-4376-A066-2A32D752A2FF}</UniqueIdentifier>
      <Extensions>cpp;c;cc;cxx;c++;cppm;ixx;def;odl;idl;hpj;bat;asm;asmx</Extensions>
    </Filter>
    <Filter Include="Header Files">
      <UniqueIdentifier>{93995380-89BD-4b04-88EB-625FBE52EBFB}</UniqueIdentifier>
      <Extensions>h;hh;hpp;hxx;h++;hm;inl;inc;ipp;xsd</Extensions>
    </Filter>
    <Filter Include="Resource Files">
      <UniqueIdentifier>{67DA6AB6-F800-4c08-8B7A-83BB121AAD01}</UniqueIdentifier>
      <Extensions>rc;ico;cur;bmp;dlg;rc2;rct;bin;rgs;gif;jpg;jpeg;jpe;resx;tiff;tif;png;wav;mfcribbon-ms</Extensions>
    </Filter>
  </ItemGroup>
  <ItemGroup>
    <ClCompile Include="Main.cpp">
      <Filter>Source Files</Filter>
    </ClCompile>
    <ClCompile Include="Lexer.cpp">
      <Filter>Source Files</Filter>
    </ClCompile>
    <ClCompile Include="Token.cpp">
      <Filter>Source Files</Filter>
    </ClCompile>
    <ClCompile Include="Expr.cpp">
      <Filter>Source Files</Filter>
    </ClCompile>
    <ClCompile Include="CondExpr.cpp">
      <Filter>Source Files</Filter>
    </ClCompile>
    <ClCompile Include="ConstExpr.cpp">
      <Filter>Source Files</Filter>
    </ClCompile>
    <ClCompile Include="EqExpr.cpp">
      <Filter>Source Files</Filter>
    </ClCompile>
    <ClCompile Include="ExprSeqExpr.cpp">
      <Filter>Source Files</Filter>
    </ClCompile>
    <ClCompile Include="FunExpr.cpp">
      <Filter>Source Files</Filter>
    </ClCompile>
    <ClCompile Include="MulExpr.cpp">
      <Filter>Source Files</Filter>
    </ClCompile>
    <ClCompile Include="NumExpr.cpp">
      <Filter>Source Files</Filter>
    </ClCompile>
    <ClCompile Include="PlusExpr.cpp">
      <Filter>Source Files</Filter>
    </ClCompile>
    <ClCompile Include="RelExpr.cpp">
      <Filter>Source Files</Filter>
    </ClCompile>
    <ClCompile Include="UnitExpr.cpp">
      <Filter>Source Files</Filter>
    </ClCompile>
    <ClCompile Include="Parser.cpp">
      <Filter>Source Files</Filter>
    </ClCompile>
  </ItemGroup>
  <ItemGroup>
    <ClInclude Include="Token.h">
      <Filter>Header Files</Filter>
    </ClInclude>
    <ClInclude Include="Lexer.h">
      <Filter>Header Files</Filter>
    </ClInclude>
    <ClInclude Include="Expr.h">
      <Filter>Header Files</Filter>
    </ClInclude>
    <ClInclude Include="CondExpr.h">
      <Filter>Header Files</Filter>
    </ClInclude>
    <ClInclude Include="ConstExpr.h">
      <Filter>Header Files</Filter>
    </ClInclude>
    <ClInclude Include="EqExpr.h">
      <Filter>Header Files</Filter>
    </ClInclude>
    <ClInclude Include="ExprSeqExpr.h">
      <Filter>Header Files</Filter>
    </ClInclude>
    <ClInclude Include="FunExpr.h">
      <Filter>Header Files</Filter>
    </ClInclude>
    <ClInclude Include="MulExpr.h">
      <Filter>Header Files</Filter>
    </ClInclude>
    <ClInclude Include="NumExpr.h">
      <Filter>Header Files</Filter>
    </ClInclude>
    <ClInclude Include="PlusExpr.h">
      <Filter>Header Files</Filter>
    </ClInclude>
    <ClInclude Include="RelExpr.h">
      <Filter>Header Files</Filter>
    </ClInclude>
    <ClInclude Include="UnitExpr.h">
      <Filter>Header Files</Filter>
    </ClInclude>
    <ClInclude Include="Parser.h">
      <Filter>Header Files</Filter>
    </ClInclude>
  </ItemGroup>
</Project>